
Microsoft Visual Studio Solution File, Format Version 12.00
# Visual Studio Version 17
VisualStudioVersion = 17.11.35312.102
MinimumVisualStudioVersion = 10.0.40219.1
Project("{8BC9CEB8-8B4A-11D0-8D11-00A0C91BC942}") = "for", "for.vcxproj", "{0A52F3A5-491D-4ADB-B5CD-497AD667401D}"
EndProject
Global
	GlobalSection(SolutionConfigurationPlatforms) = preSolution
		Debug|x64 = Debug|x64
		Debug|x86 = Debug|x86
		Release|x64 = Release|x64
		Release|x86 = Release|x86
	EndGlobalSection
	GlobalSection(ProjectConfigurationPlatforms) = postSolution
		{0A52F3A5-491D-4ADB-B5CD-497AD667401D}.Debug|x64.ActiveCfg = Debug|x64
		{0A52F3A5-491D-4ADB-B5CD-497AD667401D}.Debug|x64.Build.0 = Debug|x64
		{0A52F3A5-491D-4ADB-B5CD-497AD667401D}.Debug|x86.ActiveCfg = Debug|Win32
		{0A52F3A5-491D-4ADB-B5CD-497AD667401D}.Debug|x86.Build.0 = Debug|Win32
		{0A52F3A5-491D-4ADB-B5CD-497AD667401D}.Release|x64.ActiveCfg = Release|x64
		{0A52F3A5-491D-4ADB-B5CD-497AD667401D}.Release|x64.Build.0 = Release|x64
		{0A52F3A5-491D-4ADB-B5CD-497AD667401D}.Release|x86.ActiveCfg = Release|Win32
		{0A52F3A5-491D-4ADB-B5CD-497AD667401D}.Release|x86.Build.0 = Release|Win32
	EndGlobalSection
	GlobalSection(SolutionProperties) = preSolution
		HideSolutionNode = FALSE
	EndGlobalSection
	GlobalSection(ExtensibilityGlobals) = postSolution
		SolutionGuid = {49585D58-A881-4EE5-905B-53EFB4A36424}
	EndGlobalSection
EndGlobal
